<?xml version="1.0" encoding="UTF-8"?>
<Scheme
   version = "1.3">
   <BuildAction>
      <BuildActionEntries>
         <BuildActionEntry
            buildForRunning = "YES">
            <BuildableReference
               BuildableIdentifier = "primary"
               BlueprintIdentifier = "F43AB561501C796F4D0635DC"
               BuildableName = "Mixpanel Test.app"
               BlueprintName = "Mixpanel Test"
               ReferencedContainer = "container:Mixpanel Test.xcodeproj">
            </BuildableReference>
         </BuildActionEntry>
      </BuildActionEntries>
   </BuildAction>
   <LaunchAction
      useCustomWorkingDirectory = "NO"
      buildConfiguration = "Debug">
      <BuildableProductRunnable>
         <BuildableReference
            BuildableIdentifier = "primary"
            BlueprintIdentifier = "F43AB561501C796F4D0635DC"
            BuildableName = "Mixpanel Test.app"
            BlueprintName = "Mixpanel Test"
            ReferencedContainer = "container:Mixpanel Test.xcodeproj">
         </BuildableReference>
      </BuildableProductRunnable>
   </LaunchAction>
</Scheme>
